
Microsoft Visual Studio Solution File, Format Version 12.00
# Visual Studio Version 16
VisualStudioVersion = 16.0.31613.86
MinimumVisualStudioVersion = 10.0.40219.1
Project("{FAE04EC0-301F-11D3-BF4B-00C04F79EFBC}") = "B0226497_段昱如_PDPR _Week10_5", "B0226497_段昱如_PDPR _Week10_5.csproj", "{94DC9E82-DB46-45A7-BB5E-80CD6CA80FD6}"
EndProject
Global
	GlobalSection(SolutionConfigurationPlatforms) = preSolution
		Debug|Any CPU = Debug|Any CPU
		Release|Any CPU = Release|Any CPU
	EndGlobalSection
	GlobalSection(ProjectConfigurationPlatforms) = postSolution
		{94DC9E82-DB46-45A7-BB5E-80CD6CA80FD6}.Debug|Any CPU.ActiveCfg = Debug|Any CPU
		{94DC9E82-DB46-45A7-BB5E-80CD6CA80FD6}.Debug|Any CPU.Build.0 = Debug|Any CPU
		{94DC9E82-DB46-45A7-BB5E-80CD6CA80FD6}.Release|Any CPU.ActiveCfg = Release|Any CPU
		{94DC9E82-DB46-45A7-BB5E-80CD6CA80FD6}.Release|Any CPU.Build.0 = Release|Any CPU
	EndGlobalSection
	GlobalSection(SolutionProperties) = preSolution
		HideSolutionNode = FALSE
	EndGlobalSection
	GlobalSection(ExtensibilityGlobals) = postSolution
		SolutionGuid = {B716020C-A2CA-4E33-AF78-1DB6157DB940}
	EndGlobalSection
EndGlobal
